
Microsoft Visual Studio Solution File, Format Version 12.00
# Visual Studio Version 17
VisualStudioVersion = 17.2.32516.85
MinimumVisualStudioVersion = 10.0.40219.1
Project("{FAE04EC0-301F-11D3-BF4B-00C04F79EFBC}") = "TPExceptions", "TPExceptions\TPExceptions.csproj", "{5A984A8F-C0DA-4DB4-BD64-5002D2075366}"
EndProject
Project("{FAE04EC0-301F-11D3-BF4B-00C04F79EFBC}") = "LibraryClass", "LibraryClass\LibraryClass.csproj", "{DE786B04-239D-4F1A-BDF5-402881059464}"
EndProject
Project("{FAE04EC0-301F-11D3-BF4B-00C04F79EFBC}") = "LibraryClassTests", "LibraryClassTests\LibraryClassTests.csproj", "{3C59487B-80CA-4371-ACFA-2B27847FBE83}"
EndProject
Global
	GlobalSection(SolutionConfigurationPlatforms) = preSolution
		Debug|Any CPU = Debug|Any CPU
		Release|Any CPU = Release|Any CPU
	EndGlobalSection
	GlobalSection(ProjectConfigurationPlatforms) = postSolution
		{5A984A8F-C0DA-4DB4-BD64-5002D2075366}.Debug|Any CPU.ActiveCfg = Debug|Any CPU
		{5A984A8F-C0DA-4DB4-BD64-5002D2075366}.Debug|Any CPU.Build.0 = Debug|Any CPU
		{5A984A8F-C0DA-4DB4-BD64-5002D2075366}.Release|Any CPU.ActiveCfg = Release|Any CPU
		{5A984A8F-C0DA-4DB4-BD64-5002D2075366}.Release|Any CPU.Build.0 = Release|Any CPU
		{DE786B04-239D-4F1A-BDF5-402881059464}.Debug|Any CPU.ActiveCfg = Debug|Any CPU
		{DE786B04-239D-4F1A-BDF5-402881059464}.Debug|Any CPU.Build.0 = Debug|Any CPU
		{DE786B04-239D-4F1A-BDF5-402881059464}.Release|Any CPU.ActiveCfg = Release|Any CPU
		{DE786B04-239D-4F1A-BDF5-402881059464}.Release|Any CPU.Build.0 = Release|Any CPU
		{3C59487B-80CA-4371-ACFA-2B27847FBE83}.Debug|Any CPU.ActiveCfg = Debug|Any CPU
		{3C59487B-80CA-4371-ACFA-2B27847FBE83}.Debug|Any CPU.Build.0 = Debug|Any CPU
		{3C59487B-80CA-4371-ACFA-2B27847FBE83}.Release|Any CPU.ActiveCfg = Release|Any CPU
		{3C59487B-80CA-4371-ACFA-2B27847FBE83}.Release|Any CPU.Build.0 = Release|Any CPU
	EndGlobalSection
	GlobalSection(SolutionProperties) = preSolution
		HideSolutionNode = FALSE
	EndGlobalSection
	GlobalSection(ExtensibilityGlobals) = postSolution
		SolutionGuid = {55ACD3CE-D533-41B5-BC0C-AC4F0334FC80}
	EndGlobalSection
EndGlobal
