
Microsoft Visual Studio Solution File, Format Version 12.00
# Visual Studio Version 17
VisualStudioVersion = 17.2.32516.85
MinimumVisualStudioVersion = 10.0.40219.1
Project("{FAE04EC0-301F-11D3-BF4B-00C04F79EFBC}") = "Lab.EF.UI", "Lab.EF.UI\Lab.EF.UI.csproj", "{D772492C-7FC8-45A2-AE24-993963E6B920}"
EndProject
Project("{FAE04EC0-301F-11D3-BF4B-00C04F79EFBC}") = "Lab.EF.Logic", "Lab.EF.Logic\Lab.EF.Logic.csproj", "{7A572BFB-8CCE-40F0-975A-EAC9BEF8BD1E}"
EndProject
Project("{FAE04EC0-301F-11D3-BF4B-00C04F79EFBC}") = "Lab.EF.Data", "Lab.EF.Data\Lab.EF.Data.csproj", "{AEA18F0A-D0B0-42A4-BEB7-C2E6E2C52949}"
EndProject
Project("{FAE04EC0-301F-11D3-BF4B-00C04F79EFBC}") = "Lab.EF.Entities", "Lab.EF.Entities\Lab.EF.Entities.csproj", "{2275F68F-1744-421B-9AB0-7D4F8DB33F64}"
EndProject
Project("{FAE04EC0-301F-11D3-BF4B-00C04F79EFBC}") = "Lab.EF.LogicTests", "Lab.EF.LogicTests\Lab.EF.LogicTests.csproj", "{14E30AF6-D9B8-4F34-8B24-D67EB0090B4D}"
EndProject
Project("{FAE04EC0-301F-11D3-BF4B-00C04F79EFBC}") = "Lab.EF.MVC", "Lab.EF.MVC\Lab.EF.MVC.csproj", "{C373CE94-64B2-43AF-A35F-D3C1BD437635}"
EndProject
Global
	GlobalSection(SolutionConfigurationPlatforms) = preSolution
		Debug|Any CPU = Debug|Any CPU
		Release|Any CPU = Release|Any CPU
	EndGlobalSection
	GlobalSection(ProjectConfigurationPlatforms) = postSolution
		{D772492C-7FC8-45A2-AE24-993963E6B920}.Debug|Any CPU.ActiveCfg = Debug|Any CPU
		{D772492C-7FC8-45A2-AE24-993963E6B920}.Debug|Any CPU.Build.0 = Debug|Any CPU
		{D772492C-7FC8-45A2-AE24-993963E6B920}.Release|Any CPU.ActiveCfg = Release|Any CPU
		{D772492C-7FC8-45A2-AE24-993963E6B920}.Release|Any CPU.Build.0 = Release|Any CPU
		{7A572BFB-8CCE-40F0-975A-EAC9BEF8BD1E}.Debug|Any CPU.ActiveCfg = Debug|Any CPU
		{7A572BFB-8CCE-40F0-975A-EAC9BEF8BD1E}.Debug|Any CPU.Build.0 = Debug|Any CPU
		{7A572BFB-8CCE-40F0-975A-EAC9BEF8BD1E}.Release|Any CPU.ActiveCfg = Release|Any CPU
		{7A572BFB-8CCE-40F0-975A-EAC9BEF8BD1E}.Release|Any CPU.Build.0 = Release|Any CPU
		{AEA18F0A-D0B0-42A4-BEB7-C2E6E2C52949}.Debug|Any CPU.ActiveCfg = Debug|Any CPU
		{AEA18F0A-D0B0-42A4-BEB7-C2E6E2C52949}.Debug|Any CPU.Build.0 = Debug|Any CPU
		{AEA18F0A-D0B0-42A4-BEB7-C2E6E2C52949}.Release|Any CPU.ActiveCfg = Release|Any CPU
		{AEA18F0A-D0B0-42A4-BEB7-C2E6E2C52949}.Release|Any CPU.Build.0 = Release|Any CPU
		{2275F68F-1744-421B-9AB0-7D4F8DB33F64}.Debug|Any CPU.ActiveCfg = Debug|Any CPU
		{2275F68F-1744-421B-9AB0-7D4F8DB33F64}.Debug|Any CPU.Build.0 = Debug|Any CPU
		{2275F68F-1744-421B-9AB0-7D4F8DB33F64}.Release|Any CPU.ActiveCfg = Release|Any CPU
		{2275F68F-1744-421B-9AB0-7D4F8DB33F64}.Release|Any CPU.Build.0 = Release|Any CPU
		{14E30AF6-D9B8-4F34-8B24-D67EB0090B4D}.Debug|Any CPU.ActiveCfg = Debug|Any CPU
		{14E30AF6-D9B8-4F34-8B24-D67EB0090B4D}.Debug|Any CPU.Build.0 = Debug|Any CPU
		{14E30AF6-D9B8-4F34-8B24-D67EB0090B4D}.Release|Any CPU.ActiveCfg = Release|Any CPU
		{14E30AF6-D9B8-4F34-8B24-D67EB0090B4D}.Release|Any CPU.Build.0 = Release|Any CPU
		{C373CE94-64B2-43AF-A35F-D3C1BD437635}.Debug|Any CPU.ActiveCfg = Debug|Any CPU
		{C373CE94-64B2-43AF-A35F-D3C1BD437635}.Debug|Any CPU.Build.0 = Debug|Any CPU
		{C373CE94-64B2-43AF-A35F-D3C1BD437635}.Release|Any CPU.ActiveCfg = Release|Any CPU
		{C373CE94-64B2-43AF-A35F-D3C1BD437635}.Release|Any CPU.Build.0 = Release|Any CPU
	EndGlobalSection
	GlobalSection(SolutionProperties) = preSolution
		HideSolutionNode = FALSE
	EndGlobalSection
	GlobalSection(ExtensibilityGlobals) = postSolution
		SolutionGuid = {9EAA653A-A6EA-4B55-9F03-28CEABD40EFE}
	EndGlobalSection
EndGlobal
